
Microsoft Visual Studio Solution File, Format Version 12.00
# Visual Studio Version 17
VisualStudioVersion = 17.13.35931.197 d17.13
MinimumVisualStudioVersion = 10.0.40219.1
Project("{FAE04EC0-301F-11D3-BF4B-00C04F79EFBC}") = "test_B", "test_B.csproj", "{B1D90902-E349-4979-B9D8-BBD3D91BFDE2}"
EndProject
Global
	GlobalSection(SolutionConfigurationPlatforms) = preSolution
		Debug|Any CPU = Debug|Any CPU
		Release|Any CPU = Release|Any CPU
	EndGlobalSection
	GlobalSection(ProjectConfigurationPlatforms) = postSolution
		{B1D90902-E349-4979-B9D8-BBD3D91BFDE2}.Debug|Any CPU.ActiveCfg = Debug|Any CPU
		{B1D90902-E349-4979-B9D8-BBD3D91BFDE2}.Debug|Any CPU.Build.0 = Debug|Any CPU
		{B1D90902-E349-4979-B9D8-BBD3D91BFDE2}.Release|Any CPU.ActiveCfg = Release|Any CPU
		{B1D90902-E349-4979-B9D8-BBD3D91BFDE2}.Release|Any CPU.Build.0 = Release|Any CPU
	EndGlobalSection
	GlobalSection(SolutionProperties) = preSolution
		HideSolutionNode = FALSE
	EndGlobalSection
	GlobalSection(ExtensibilityGlobals) = postSolution
		SolutionGuid = {C4C9F064-7E79-4A8B-AC3E-A0FE401BF70C}
	EndGlobalSection
EndGlobal
